
Microsoft Visual Studio Solution File, Format Version 12.00
# Visual Studio Version 17
VisualStudioVersion = 17.2.32616.157
MinimumVisualStudioVersion = 10.0.40219.1
Project("{2150E333-8FDC-42A3-9474-1A3956D46DE8}") = "src", "src", "{88982D80-2967-4AF8-8EB9-866C03815521}"
EndProject
Project("{2150E333-8FDC-42A3-9474-1A3956D46DE8}") = "ApiGateway", "ApiGateway", "{470A3C3E-B881-4590-8A5F-CB61CDCCF444}"
EndProject
Project("{2150E333-8FDC-42A3-9474-1A3956D46DE8}") = "Services", "Services", "{35F0C0B2-DCF0-4DE9-9BB8-7EF640855647}"
EndProject
Project("{2150E333-8FDC-42A3-9474-1A3956D46DE8}") = "WebApp", "WebApp", "{144FF222-E6D0-41D7-8C57-7D1248CFB6FA}"
EndProject
Project("{2150E333-8FDC-42A3-9474-1A3956D46DE8}") = "Products", "Products", "{4678619F-9597-46A2-9170-6A224CC1707F}"
EndProject
Project("{9A19103F-16F7-4668-BE54-9A1E7A4F7556}") = "Microservices.Products", "Microservices.Products\Microservices.Products.csproj", "{8DB0F20F-B8AE-4D36-A7AB-F7759361FD2C}"
EndProject
Project("{2150E333-8FDC-42A3-9474-1A3956D46DE8}") = "Common", "Common", "{33A3B2D2-9C6C-47FF-A916-CB6277782707}"
EndProject
Project("{2150E333-8FDC-42A3-9474-1A3956D46DE8}") = "Order", "Order", "{F71EDF7D-3338-4FA3-B98A-E1D7FD2E2886}"
EndProject
Project("{2150E333-8FDC-42A3-9474-1A3956D46DE8}") = "Sourcing", "Sourcing", "{DD1A1470-3451-46B8-A6E6-D96D58A9CA4F}"
EndProject
Project("{E53339B2-1760-4266-BCC7-CA923CBCF16C}") = "docker-compose", "docker-compose.dcproj", "{28497DDC-79BE-46C2-B4A1-1B3ACE0D6FB1}"
EndProject
Project("{9A19103F-16F7-4668-BE54-9A1E7A4F7556}") = "Microservices.Sourcing", "Microservices.Sourcing\Microservices.Sourcing.csproj", "{7EEF0A5B-9683-4ACE-9C5B-E993C6CA36A3}"
EndProject
Project("{9A19103F-16F7-4668-BE54-9A1E7A4F7556}") = "EventBusRabbitMQ", "EventBusRabbitMQ\EventBusRabbitMQ.csproj", "{8625DF2B-ADAC-4F0A-A420-8AD3A00ED1FD}"
EndProject
Project("{FAE04EC0-301F-11D3-BF4B-00C04F79EFBC}") = "Microservices.Order", "..\Microservices.Order\Microservices.Order.csproj", "{1124D8A0-6FE1-4E20-929F-489A41BA1CE9}"
EndProject
Project("{9A19103F-16F7-4668-BE54-9A1E7A4F7556}") = "Ordering.Application", "Ordering.Application\Ordering.Application.csproj", "{7AA9BBF4-A19E-466D-A828-C5A7D7C6E943}"
EndProject
Project("{9A19103F-16F7-4668-BE54-9A1E7A4F7556}") = "Ordering.Domain", "Ordering.Domain\Ordering.Domain.csproj", "{56BCA8FB-CFCF-4C31-813C-9CB525111A1E}"
EndProject
Project("{9A19103F-16F7-4668-BE54-9A1E7A4F7556}") = "Ordering.Infrastructure", "Ordering.Infrastructure\Ordering.Infrastructure.csproj", "{3F2A021F-8967-4DF1-BE69-283E2608F97B}"
EndProject
Global
	GlobalSection(SolutionConfigurationPlatforms) = preSolution
		Debug|Any CPU = Debug|Any CPU
		Release|Any CPU = Release|Any CPU
	EndGlobalSection
	GlobalSection(ProjectConfigurationPlatforms) = postSolution
		{8DB0F20F-B8AE-4D36-A7AB-F7759361FD2C}.Debug|Any CPU.ActiveCfg = Debug|Any CPU
		{8DB0F20F-B8AE-4D36-A7AB-F7759361FD2C}.Debug|Any CPU.Build.0 = Debug|Any CPU
		{8DB0F20F-B8AE-4D36-A7AB-F7759361FD2C}.Release|Any CPU.ActiveCfg = Release|Any CPU
		{8DB0F20F-B8AE-4D36-A7AB-F7759361FD2C}.Release|Any CPU.Build.0 = Release|Any CPU
		{28497DDC-79BE-46C2-B4A1-1B3ACE0D6FB1}.Debug|Any CPU.ActiveCfg = Debug|Any CPU
		{28497DDC-79BE-46C2-B4A1-1B3ACE0D6FB1}.Debug|Any CPU.Build.0 = Debug|Any CPU
		{28497DDC-79BE-46C2-B4A1-1B3ACE0D6FB1}.Release|Any CPU.ActiveCfg = Release|Any CPU
		{28497DDC-79BE-46C2-B4A1-1B3ACE0D6FB1}.Release|Any CPU.Build.0 = Release|Any CPU
		{7EEF0A5B-9683-4ACE-9C5B-E993C6CA36A3}.Debug|Any CPU.ActiveCfg = Debug|Any CPU
		{7EEF0A5B-9683-4ACE-9C5B-E993C6CA36A3}.Debug|Any CPU.Build.0 = Debug|Any CPU
		{7EEF0A5B-9683-4ACE-9C5B-E993C6CA36A3}.Release|Any CPU.ActiveCfg = Release|Any CPU
		{7EEF0A5B-9683-4ACE-9C5B-E993C6CA36A3}.Release|Any CPU.Build.0 = Release|Any CPU
		{8625DF2B-ADAC-4F0A-A420-8AD3A00ED1FD}.Debug|Any CPU.ActiveCfg = Debug|Any CPU
		{8625DF2B-ADAC-4F0A-A420-8AD3A00ED1FD}.Debug|Any CPU.Build.0 = Debug|Any CPU
		{8625DF2B-ADAC-4F0A-A420-8AD3A00ED1FD}.Release|Any CPU.ActiveCfg = Release|Any CPU
		{8625DF2B-ADAC-4F0A-A420-8AD3A00ED1FD}.Release|Any CPU.Build.0 = Release|Any CPU
		{1124D8A0-6FE1-4E20-929F-489A41BA1CE9}.Debug|Any CPU.ActiveCfg = Debug|Any CPU
		{1124D8A0-6FE1-4E20-929F-489A41BA1CE9}.Debug|Any CPU.Build.0 = Debug|Any CPU
		{1124D8A0-6FE1-4E20-929F-489A41BA1CE9}.Release|Any CPU.ActiveCfg = Release|Any CPU
		{1124D8A0-6FE1-4E20-929F-489A41BA1CE9}.Release|Any CPU.Build.0 = Release|Any CPU
		{7AA9BBF4-A19E-466D-A828-C5A7D7C6E943}.Debug|Any CPU.ActiveCfg = Debug|Any CPU
		{7AA9BBF4-A19E-466D-A828-C5A7D7C6E943}.Debug|Any CPU.Build.0 = Debug|Any CPU
		{7AA9BBF4-A19E-466D-A828-C5A7D7C6E943}.Release|Any CPU.ActiveCfg = Release|Any CPU
		{7AA9BBF4-A19E-466D-A828-C5A7D7C6E943}.Release|Any CPU.Build.0 = Release|Any CPU
		{56BCA8FB-CFCF-4C31-813C-9CB525111A1E}.Debug|Any CPU.ActiveCfg = Debug|Any CPU
		{56BCA8FB-CFCF-4C31-813C-9CB525111A1E}.Debug|Any CPU.Build.0 = Debug|Any CPU
		{56BCA8FB-CFCF-4C31-813C-9CB525111A1E}.Release|Any CPU.ActiveCfg = Release|Any CPU
		{56BCA8FB-CFCF-4C31-813C-9CB525111A1E}.Release|Any CPU.Build.0 = Release|Any CPU
		{3F2A021F-8967-4DF1-BE69-283E2608F97B}.Debug|Any CPU.ActiveCfg = Debug|Any CPU
		{3F2A021F-8967-4DF1-BE69-283E2608F97B}.Debug|Any CPU.Build.0 = Debug|Any CPU
		{3F2A021F-8967-4DF1-BE69-283E2608F97B}.Release|Any CPU.ActiveCfg = Release|Any CPU
		{3F2A021F-8967-4DF1-BE69-283E2608F97B}.Release|Any CPU.Build.0 = Release|Any CPU
	EndGlobalSection
	GlobalSection(SolutionProperties) = preSolution
		HideSolutionNode = FALSE
	EndGlobalSection
	GlobalSection(NestedProjects) = preSolution
		{470A3C3E-B881-4590-8A5F-CB61CDCCF444} = {88982D80-2967-4AF8-8EB9-866C03815521}
		{35F0C0B2-DCF0-4DE9-9BB8-7EF640855647} = {88982D80-2967-4AF8-8EB9-866C03815521}
		{144FF222-E6D0-41D7-8C57-7D1248CFB6FA} = {88982D80-2967-4AF8-8EB9-866C03815521}
		{4678619F-9597-46A2-9170-6A224CC1707F} = {35F0C0B2-DCF0-4DE9-9BB8-7EF640855647}
		{8DB0F20F-B8AE-4D36-A7AB-F7759361FD2C} = {4678619F-9597-46A2-9170-6A224CC1707F}
		{33A3B2D2-9C6C-47FF-A916-CB6277782707} = {35F0C0B2-DCF0-4DE9-9BB8-7EF640855647}
		{F71EDF7D-3338-4FA3-B98A-E1D7FD2E2886} = {35F0C0B2-DCF0-4DE9-9BB8-7EF640855647}
		{DD1A1470-3451-46B8-A6E6-D96D58A9CA4F} = {35F0C0B2-DCF0-4DE9-9BB8-7EF640855647}
		{7EEF0A5B-9683-4ACE-9C5B-E993C6CA36A3} = {DD1A1470-3451-46B8-A6E6-D96D58A9CA4F}
		{8625DF2B-ADAC-4F0A-A420-8AD3A00ED1FD} = {33A3B2D2-9C6C-47FF-A916-CB6277782707}
		{1124D8A0-6FE1-4E20-929F-489A41BA1CE9} = {F71EDF7D-3338-4FA3-B98A-E1D7FD2E2886}
		{7AA9BBF4-A19E-466D-A828-C5A7D7C6E943} = {F71EDF7D-3338-4FA3-B98A-E1D7FD2E2886}
		{56BCA8FB-CFCF-4C31-813C-9CB525111A1E} = {F71EDF7D-3338-4FA3-B98A-E1D7FD2E2886}
		{3F2A021F-8967-4DF1-BE69-283E2608F97B} = {F71EDF7D-3338-4FA3-B98A-E1D7FD2E2886}
	EndGlobalSection
	GlobalSection(ExtensibilityGlobals) = postSolution
		SolutionGuid = {C3FE056E-6130-40B8-BB01-6DB8A3F7EE90}
	EndGlobalSection
EndGlobal
